
Microsoft Visual Studio Solution File, Format Version 12.00
# Visual Studio Version 17
VisualStudioVersion = 17.5.002.0
MinimumVisualStudioVersion = 10.0.40219.1
Project("{2150E333-8FDC-42A3-9474-1A3956D46DE8}") = "sunnystuff", "sunnystuff", "{DC3D98ED-8BCB-49E7-A979-97C56F90CD8A}"
EndProject
Project("{9A19103F-16F7-4668-BE54-9A1E7A4F7556}") = "test", "sunnystuff\test\test.csproj", "{E46D1826-8FC2-45CD-A8B1-EA45F5D5C0A4}"
EndProject
Global
	GlobalSection(SolutionConfigurationPlatforms) = preSolution
		Debug|Any CPU = Debug|Any CPU
		Release|Any CPU = Release|Any CPU
	EndGlobalSection
	GlobalSection(ProjectConfigurationPlatforms) = postSolution
		{E46D1826-8FC2-45CD-A8B1-EA45F5D5C0A4}.Debug|Any CPU.ActiveCfg = Debug|Any CPU
		{E46D1826-8FC2-45CD-A8B1-EA45F5D5C0A4}.Debug|Any CPU.Build.0 = Debug|Any CPU
		{E46D1826-8FC2-45CD-A8B1-EA45F5D5C0A4}.Release|Any CPU.ActiveCfg = Release|Any CPU
		{E46D1826-8FC2-45CD-A8B1-EA45F5D5C0A4}.Release|Any CPU.Build.0 = Release|Any CPU
	EndGlobalSection
	GlobalSection(SolutionProperties) = preSolution
		HideSolutionNode = FALSE
	EndGlobalSection
	GlobalSection(NestedProjects) = preSolution
		{E46D1826-8FC2-45CD-A8B1-EA45F5D5C0A4} = {DC3D98ED-8BCB-49E7-A979-97C56F90CD8A}
	EndGlobalSection
	GlobalSection(ExtensibilityGlobals) = postSolution
		SolutionGuid = {527DD00B-E2B8-476F-B515-D2F3BA0B3404}
	EndGlobalSection
EndGlobal
